
Microsoft Visual Studio Solution File, Format Version 12.00
# Visual Studio 15
VisualStudioVersion = 15.0.27703.2042
MinimumVisualStudioVersion = 10.0.40219.1
Project("{FAE04EC0-301F-11D3-BF4B-00C04F79EFBC}") = "archivoexcel", "archivoexcel\archivoexcel.csproj", "{74A47B64-7F18-4A00-8697-7229FF5ED3AE}"
EndProject
Global
	GlobalSection(SolutionConfigurationPlatforms) = preSolution
		Debug|Any CPU = Debug|Any CPU
		Release|Any CPU = Release|Any CPU
	EndGlobalSection
	GlobalSection(ProjectConfigurationPlatforms) = postSolution
		{74A47B64-7F18-4A00-8697-7229FF5ED3AE}.Debug|Any CPU.ActiveCfg = Debug|Any CPU
		{74A47B64-7F18-4A00-8697-7229FF5ED3AE}.Debug|Any CPU.Build.0 = Debug|Any CPU
		{74A47B64-7F18-4A00-8697-7229FF5ED3AE}.Release|Any CPU.ActiveCfg = Release|Any CPU
		{74A47B64-7F18-4A00-8697-7229FF5ED3AE}.Release|Any CPU.Build.0 = Release|Any CPU
	EndGlobalSection
	GlobalSection(SolutionProperties) = preSolution
		HideSolutionNode = FALSE
	EndGlobalSection
	GlobalSection(ExtensibilityGlobals) = postSolution
		SolutionGuid = {62B1CD6F-C498-45E4-9496-C25D6356738C}
	EndGlobalSection
EndGlobal
